# Generated by pub
# See https://dart.dev/tools/pub/glossary#lockfile
packages:
  js:
    dependency: "direct main"
    description:
      name: js
      sha256: c1b2e9b5ea78c45e1a0788d29606ba27dc5f71f019f32ca5140f61ef071838cf
      url: "https://pub.flutter-io.cn"
    source: hosted
    version: "0.7.1"
sdks:
  dart: ">=3.4.3 <4.0.0"
